
Microsoft Visual Studio Solution File, Format Version 12.00
# Visual Studio 15
VisualStudioVersion = 15.0.26730.10
MinimumVisualStudioVersion = 10.0.40219.1
Project("{8BC9CEB8-8B4A-11D0-8D11-00A0C91BC942}") = "MGLEngine.CLR", "MGLEngine.CLR\MGLEngine.CLR.vcxproj", "{92C6B967-93FF-4817-8FBE-30C51C6278BA}"
EndProject
Project("{8BC9CEB8-8B4A-11D0-8D11-00A0C91BC942}") = "MGLEngine.Shared", "MGLEngine.Shared\MGLEngine.Shared.vcxproj", "{E055E8E7-749C-4E20-AD45-1145BBF3B21C}"
EndProject
Project("{8BC9CEB8-8B4A-11D0-8D11-00A0C91BC942}") = "MGLEngine.Vulkan", "MGLEngine.Vulkan\MGLEngine.Vulkan.vcxproj", "{A21B7BD2-0B50-41E4-995B-7A153D66BE90}"
EndProject
Project("{FAE04EC0-301F-11D3-BF4B-00C04F79EFBC}") = "MGLEngine.Server", "MGLEngine.Server\MGLEngine.Server.csproj", "{F0E3E185-21F4-4A81-90C4-FE50DAE331CE}"
EndProject
Project("{8BC9CEB8-8B4A-11D0-8D11-00A0C91BC942}") = "MGLEngine.Test", "MGLEngine.Test\MGLEngine.Test.vcxproj", "{0D3A3145-D436-4718-81B5-C289B9722CC9}"
EndProject
Project("{FAE04EC0-301F-11D3-BF4B-00C04F79EFBC}") = "MUtils", "MUtils\MUtils.csproj", "{5BAF97C5-781B-41A3-87FB-8A9759FCABFC}"
EndProject
Global
	GlobalSection(SolutionConfigurationPlatforms) = preSolution
		Debug|Any CPU = Debug|Any CPU
		Debug|ARM = Debug|ARM
		Debug|x64 = Debug|x64
		Debug|x86 = Debug|x86
		MinSizeRel|Any CPU = MinSizeRel|Any CPU
		MinSizeRel|ARM = MinSizeRel|ARM
		MinSizeRel|x64 = MinSizeRel|x64
		MinSizeRel|x86 = MinSizeRel|x86
		Release|Any CPU = Release|Any CPU
		Release|ARM = Release|ARM
		Release|x64 = Release|x64
		Release|x86 = Release|x86
		RelWithDebInfo|Any CPU = RelWithDebInfo|Any CPU
		RelWithDebInfo|ARM = RelWithDebInfo|ARM
		RelWithDebInfo|x64 = RelWithDebInfo|x64
		RelWithDebInfo|x86 = RelWithDebInfo|x86
	EndGlobalSection
	GlobalSection(ProjectConfigurationPlatforms) = postSolution
		{92C6B967-93FF-4817-8FBE-30C51C6278BA}.Debug|Any CPU.ActiveCfg = Debug|Win32
		{92C6B967-93FF-4817-8FBE-30C51C6278BA}.Debug|ARM.ActiveCfg = Debug|Win32
		{92C6B967-93FF-4817-8FBE-30C51C6278BA}.Debug|x64.ActiveCfg = Debug|x64
		{92C6B967-93FF-4817-8FBE-30C51C6278BA}.Debug|x64.Build.0 = Debug|x64
		{92C6B967-93FF-4817-8FBE-30C51C6278BA}.Debug|x86.ActiveCfg = Debug|Win32
		{92C6B967-93FF-4817-8FBE-30C51C6278BA}.Debug|x86.Build.0 = Debug|Win32
		{92C6B967-93FF-4817-8FBE-30C51C6278BA}.MinSizeRel|Any CPU.ActiveCfg = Release|x64
		{92C6B967-93FF-4817-8FBE-30C51C6278BA}.MinSizeRel|Any CPU.Build.0 = Release|x64
		{92C6B967-93FF-4817-8FBE-30C51C6278BA}.MinSizeRel|ARM.ActiveCfg = Release|x64
		{92C6B967-93FF-4817-8FBE-30C51C6278BA}.MinSizeRel|ARM.Build.0 = Release|x64
		{92C6B967-93FF-4817-8FBE-30C51C6278BA}.MinSizeRel|x64.ActiveCfg = Release|x64
		{92C6B967-93FF-4817-8FBE-30C51C6278BA}.MinSizeRel|x64.Build.0 = Release|x64
		{92C6B967-93FF-4817-8FBE-30C51C6278BA}.MinSizeRel|x86.ActiveCfg = Release|Win32
		{92C6B967-93FF-4817-8FBE-30C51C6278BA}.MinSizeRel|x86.Build.0 = Release|Win32
		{92C6B967-93FF-4817-8FBE-30C51C6278BA}.Release|Any CPU.ActiveCfg = Release|Win32
		{92C6B967-93FF-4817-8FBE-30C51C6278BA}.Release|ARM.ActiveCfg = Release|Win32
		{92C6B967-93FF-4817-8FBE-30C51C6278BA}.Release|x64.ActiveCfg = Release|x64
		{92C6B967-93FF-4817-8FBE-30C51C6278BA}.Release|x64.Build.0 = Release|x64
		{92C6B967-93FF-4817-8FBE-30C51C6278BA}.Release|x86.ActiveCfg = Release|Win32
		{92C6B967-93FF-4817-8FBE-30C51C6278BA}.Release|x86.Build.0 = Release|Win32
		{92C6B967-93FF-4817-8FBE-30C51C6278BA}.RelWithDebInfo|Any CPU.ActiveCfg = Release|x64
		{92C6B967-93FF-4817-8FBE-30C51C6278BA}.RelWithDebInfo|Any CPU.Build.0 = Release|x64
		{92C6B967-93FF-4817-8FBE-30C51C6278BA}.RelWithDebInfo|ARM.ActiveCfg = Release|x64
		{92C6B967-93FF-4817-8FBE-30C51C6278BA}.RelWithDebInfo|ARM.Build.0 = Release|x64
		{92C6B967-93FF-4817-8FBE-30C51C6278BA}.RelWithDebInfo|x64.ActiveCfg = Release|x64
		{92C6B967-93FF-4817-8FBE-30C51C6278BA}.RelWithDebInfo|x64.Build.0 = Release|x64
		{92C6B967-93FF-4817-8FBE-30C51C6278BA}.RelWithDebInfo|x86.ActiveCfg = Release|Win32
		{92C6B967-93FF-4817-8FBE-30C51C6278BA}.RelWithDebInfo|x86.Build.0 = Release|Win32
		{E055E8E7-749C-4E20-AD45-1145BBF3B21C}.Debug|Any CPU.ActiveCfg = Debug|Win32
		{E055E8E7-749C-4E20-AD45-1145BBF3B21C}.Debug|ARM.ActiveCfg = Debug|Win32
		{E055E8E7-749C-4E20-AD45-1145BBF3B21C}.Debug|x64.ActiveCfg = Debug|x64
		{E055E8E7-749C-4E20-AD45-1145BBF3B21C}.Debug|x64.Build.0 = Debug|x64
		{E055E8E7-749C-4E20-AD45-1145BBF3B21C}.Debug|x86.ActiveCfg = Debug|Win32
		{E055E8E7-749C-4E20-AD45-1145BBF3B21C}.Debug|x86.Build.0 = Debug|Win32
		{E055E8E7-749C-4E20-AD45-1145BBF3B21C}.MinSizeRel|Any CPU.ActiveCfg = Release|x64
		{E055E8E7-749C-4E20-AD45-1145BBF3B21C}.MinSizeRel|Any CPU.Build.0 = Release|x64
		{E055E8E7-749C-4E20-AD45-1145BBF3B21C}.MinSizeRel|ARM.ActiveCfg = Release|x64
		{E055E8E7-749C-4E20-AD45-1145BBF3B21C}.MinSizeRel|ARM.Build.0 = Release|x64
		{E055E8E7-749C-4E20-AD45-1145BBF3B21C}.MinSizeRel|x64.ActiveCfg = Release|x64
		{E055E8E7-749C-4E20-AD45-1145BBF3B21C}.MinSizeRel|x64.Build.0 = Release|x64
		{E055E8E7-749C-4E20-AD45-1145BBF3B21C}.MinSizeRel|x86.ActiveCfg = Release|Win32
		{E055E8E7-749C-4E20-AD45-1145BBF3B21C}.MinSizeRel|x86.Build.0 = Release|Win32
		{E055E8E7-749C-4E20-AD45-1145BBF3B21C}.Release|Any CPU.ActiveCfg = Release|Win32
		{E055E8E7-749C-4E20-AD45-1145BBF3B21C}.Release|ARM.ActiveCfg = Release|Win32
		{E055E8E7-749C-4E20-AD45-1145BBF3B21C}.Release|x64.ActiveCfg = Release|x64
		{E055E8E7-749C-4E20-AD45-1145BBF3B21C}.Release|x64.Build.0 = Release|x64
		{E055E8E7-749C-4E20-AD45-1145BBF3B21C}.Release|x86.ActiveCfg = Release|Win32
		{E055E8E7-749C-4E20-AD45-1145BBF3B21C}.Release|x86.Build.0 = Release|Win32
		{E055E8E7-749C-4E20-AD45-1145BBF3B21C}.RelWithDebInfo|Any CPU.ActiveCfg = Release|x64
		{E055E8E7-749C-4E20-AD45-1145BBF3B21C}.RelWithDebInfo|Any CPU.Build.0 = Release|x64
		{E055E8E7-749C-4E20-AD45-1145BBF3B21C}.RelWithDebInfo|ARM.ActiveCfg = Release|x64
		{E055E8E7-749C-4E20-AD45-1145BBF3B21C}.RelWithDebInfo|ARM.Build.0 = Release|x64
		{E055E8E7-749C-4E20-AD45-1145BBF3B21C}.RelWithDebInfo|x64.ActiveCfg = Release|x64
		{E055E8E7-749C-4E20-AD45-1145BBF3B21C}.RelWithDebInfo|x64.Build.0 = Release|x64
		{E055E8E7-749C-4E20-AD45-1145BBF3B21C}.RelWithDebInfo|x86.ActiveCfg = Release|Win32
		{E055E8E7-749C-4E20-AD45-1145BBF3B21C}.RelWithDebInfo|x86.Build.0 = Release|Win32
		{A21B7BD2-0B50-41E4-995B-7A153D66BE90}.Debug|Any CPU.ActiveCfg = Debug|Win32
		{A21B7BD2-0B50-41E4-995B-7A153D66BE90}.Debug|ARM.ActiveCfg = Debug|Win32
		{A21B7BD2-0B50-41E4-995B-7A153D66BE90}.Debug|x64.ActiveCfg = Debug|x64
		{A21B7BD2-0B50-41E4-995B-7A153D66BE90}.Debug|x64.Build.0 = Debug|x64
		{A21B7BD2-0B50-41E4-995B-7A153D66BE90}.Debug|x86.ActiveCfg = Debug|Win32
		{A21B7BD2-0B50-41E4-995B-7A153D66BE90}.Debug|x86.Build.0 = Debug|Win32
		{A21B7BD2-0B50-41E4-995B-7A153D66BE90}.MinSizeRel|Any CPU.ActiveCfg = Release|x64
		{A21B7BD2-0B50-41E4-995B-7A153D66BE90}.MinSizeRel|Any CPU.Build.0 = Release|x64
		{A21B7BD2-0B50-41E4-995B-7A153D66BE90}.MinSizeRel|ARM.ActiveCfg = Release|x64
		{A21B7BD2-0B50-41E4-995B-7A153D66BE90}.MinSizeRel|ARM.Build.0 = Release|x64
		{A21B7BD2-0B50-41E4-995B-7A153D66BE90}.MinSizeRel|x64.ActiveCfg = Release|x64
		{A21B7BD2-0B50-41E4-995B-7A153D66BE90}.MinSizeRel|x64.Build.0 = Release|x64
		{A21B7BD2-0B50-41E4-995B-7A153D66BE90}.MinSizeRel|x86.ActiveCfg = Release|Win32
		{A21B7BD2-0B50-41E4-995B-7A153D66BE90}.MinSizeRel|x86.Build.0 = Release|Win32
		{A21B7BD2-0B50-41E4-995B-7A153D66BE90}.Release|Any CPU.ActiveCfg = Release|Win32
		{A21B7BD2-0B50-41E4-995B-7A153D66BE90}.Release|ARM.ActiveCfg = Release|Win32
		{A21B7BD2-0B50-41E4-995B-7A153D66BE90}.Release|x64.ActiveCfg = Release|x64
		{A21B7BD2-0B50-41E4-995B-7A153D66BE90}.Release|x64.Build.0 = Release|x64
		{A21B7BD2-0B50-41E4-995B-7A153D66BE90}.Release|x86.ActiveCfg = Release|Win32
		{A21B7BD2-0B50-41E4-995B-7A153D66BE90}.Release|x86.Build.0 = Release|Win32
		{A21B7BD2-0B50-41E4-995B-7A153D66BE90}.RelWithDebInfo|Any CPU.ActiveCfg = Release|x64
		{A21B7BD2-0B50-41E4-995B-7A153D66BE90}.RelWithDebInfo|Any CPU.Build.0 = Release|x64
		{A21B7BD2-0B50-41E4-995B-7A153D66BE90}.RelWithDebInfo|ARM.ActiveCfg = Release|x64
		{A21B7BD2-0B50-41E4-995B-7A153D66BE90}.RelWithDebInfo|ARM.Build.0 = Release|x64
		{A21B7BD2-0B50-41E4-995B-7A153D66BE90}.RelWithDebInfo|x64.ActiveCfg = Release|x64
		{A21B7BD2-0B50-41E4-995B-7A153D66BE90}.RelWithDebInfo|x64.Build.0 = Release|x64
		{A21B7BD2-0B50-41E4-995B-7A153D66BE90}.RelWithDebInfo|x86.ActiveCfg = Release|Win32
		{A21B7BD2-0B50-41E4-995B-7A153D66BE90}.RelWithDebInfo|x86.Build.0 = Release|Win32
		{F0E3E185-21F4-4A81-90C4-FE50DAE331CE}.Debug|Any CPU.ActiveCfg = Debug|Any CPU
		{F0E3E185-21F4-4A81-90C4-FE50DAE331CE}.Debug|Any CPU.Build.0 = Debug|Any CPU
		{F0E3E185-21F4-4A81-90C4-FE50DAE331CE}.Debug|ARM.ActiveCfg = Debug|Any CPU
		{F0E3E185-21F4-4A81-90C4-FE50DAE331CE}.Debug|ARM.Build.0 = Debug|Any CPU
		{F0E3E185-21F4-4A81-90C4-FE50DAE331CE}.Debug|x64.ActiveCfg = Debug|Any CPU
		{F0E3E185-21F4-4A81-90C4-FE50DAE331CE}.Debug|x64.Build.0 = Debug|Any CPU
		{F0E3E185-21F4-4A81-90C4-FE50DAE331CE}.Debug|x86.ActiveCfg = Debug|Any CPU
		{F0E3E185-21F4-4A81-90C4-FE50DAE331CE}.Debug|x86.Build.0 = Debug|Any CPU
		{F0E3E185-21F4-4A81-90C4-FE50DAE331CE}.MinSizeRel|Any CPU.ActiveCfg = Release|Any CPU
		{F0E3E185-21F4-4A81-90C4-FE50DAE331CE}.MinSizeRel|Any CPU.Build.0 = Release|Any CPU
		{F0E3E185-21F4-4A81-90C4-FE50DAE331CE}.MinSizeRel|ARM.ActiveCfg = Release|Any CPU
		{F0E3E185-21F4-4A81-90C4-FE50DAE331CE}.MinSizeRel|ARM.Build.0 = Release|Any CPU
		{F0E3E185-21F4-4A81-90C4-FE50DAE331CE}.MinSizeRel|x64.ActiveCfg = Release|Any CPU
		{F0E3E185-21F4-4A81-90C4-FE50DAE331CE}.MinSizeRel|x64.Build.0 = Release|Any CPU
		{F0E3E185-21F4-4A81-90C4-FE50DAE331CE}.MinSizeRel|x86.ActiveCfg = Release|Any CPU
		{F0E3E185-21F4-4A81-90C4-FE50DAE331CE}.MinSizeRel|x86.Build.0 = Release|Any CPU
		{F0E3E185-21F4-4A81-90C4-FE50DAE331CE}.Release|Any CPU.ActiveCfg = Release|Any CPU
		{F0E3E185-21F4-4A81-90C4-FE50DAE331CE}.Release|Any CPU.Build.0 = Release|Any CPU
		{F0E3E185-21F4-4A81-90C4-FE50DAE331CE}.Release|ARM.ActiveCfg = Release|Any CPU
		{F0E3E185-21F4-4A81-90C4-FE50DAE331CE}.Release|ARM.Build.0 = Release|Any CPU
		{F0E3E185-21F4-4A81-90C4-FE50DAE331CE}.Release|x64.ActiveCfg = Release|Any CPU
		{F0E3E185-21F4-4A81-90C4-FE50DAE331CE}.Release|x64.Build.0 = Release|Any CPU
		{F0E3E185-21F4-4A81-90C4-FE50DAE331CE}.Release|x86.ActiveCfg = Release|Any CPU
		{F0E3E185-21F4-4A81-90C4-FE50DAE331CE}.Release|x86.Build.0 = Release|Any CPU
		{F0E3E185-21F4-4A81-90C4-FE50DAE331CE}.RelWithDebInfo|Any CPU.ActiveCfg = Release|Any CPU
		{F0E3E185-21F4-4A81-90C4-FE50DAE331CE}.RelWithDebInfo|Any CPU.Build.0 = Release|Any CPU
		{F0E3E185-21F4-4A81-90C4-FE50DAE331CE}.RelWithDebInfo|ARM.ActiveCfg = Release|Any CPU
		{F0E3E185-21F4-4A81-90C4-FE50DAE331CE}.RelWithDebInfo|ARM.Build.0 = Release|Any CPU
		{F0E3E185-21F4-4A81-90C4-FE50DAE331CE}.RelWithDebInfo|x64.ActiveCfg = Release|Any CPU
		{F0E3E185-21F4-4A81-90C4-FE50DAE331CE}.RelWithDebInfo|x64.Build.0 = Release|Any CPU
		{F0E3E185-21F4-4A81-90C4-FE50DAE331CE}.RelWithDebInfo|x86.ActiveCfg = Release|Any CPU
		{F0E3E185-21F4-4A81-90C4-FE50DAE331CE}.RelWithDebInfo|x86.Build.0 = Release|Any CPU
		{0D3A3145-D436-4718-81B5-C289B9722CC9}.Debug|Any CPU.ActiveCfg = Debug|Win32
		{0D3A3145-D436-4718-81B5-C289B9722CC9}.Debug|ARM.ActiveCfg = Debug|Win32
		{0D3A3145-D436-4718-81B5-C289B9722CC9}.Debug|x64.ActiveCfg = Debug|x64
		{0D3A3145-D436-4718-81B5-C289B9722CC9}.Debug|x64.Build.0 = Debug|x64
		{0D3A3145-D436-4718-81B5-C289B9722CC9}.Debug|x86.ActiveCfg = Debug|Win32
		{0D3A3145-D436-4718-81B5-C289B9722CC9}.Debug|x86.Build.0 = Debug|Win32
		{0D3A3145-D436-4718-81B5-C289B9722CC9}.MinSizeRel|Any CPU.ActiveCfg = Release|x64
		{0D3A3145-D436-4718-81B5-C289B9722CC9}.MinSizeRel|Any CPU.Build.0 = Release|x64
		{0D3A3145-D436-4718-81B5-C289B9722CC9}.MinSizeRel|ARM.ActiveCfg = Release|x64
		{0D3A3145-D436-4718-81B5-C289B9722CC9}.MinSizeRel|ARM.Build.0 = Release|x64
		{0D3A3145-D436-4718-81B5-C289B9722CC9}.MinSizeRel|x64.ActiveCfg = Release|x64
		{0D3A3145-D436-4718-81B5-C289B9722CC9}.MinSizeRel|x64.Build.0 = Release|x64
		{0D3A3145-D436-4718-81B5-C289B9722CC9}.MinSizeRel|x86.ActiveCfg = Release|Win32
		{0D3A3145-D436-4718-81B5-C289B9722CC9}.MinSizeRel|x86.Build.0 = Release|Win32
		{0D3A3145-D436-4718-81B5-C289B9722CC9}.Release|Any CPU.ActiveCfg = Release|Win32
		{0D3A3145-D436-4718-81B5-C289B9722CC9}.Release|ARM.ActiveCfg = Release|Win32
		{0D3A3145-D436-4718-81B5-C289B9722CC9}.Release|x64.ActiveCfg = Release|x64
		{0D3A3145-D436-4718-81B5-C289B9722CC9}.Release|x64.Build.0 = Release|x64
		{0D3A3145-D436-4718-81B5-C289B9722CC9}.Release|x86.ActiveCfg = Release|Win32
		{0D3A3145-D436-4718-81B5-C289B9722CC9}.Release|x86.Build.0 = Release|Win32
		{0D3A3145-D436-4718-81B5-C289B9722CC9}.RelWithDebInfo|Any CPU.ActiveCfg = Release|x64
		{0D3A3145-D436-4718-81B5-C289B9722CC9}.RelWithDebInfo|Any CPU.Build.0 = Release|x64
		{0D3A3145-D436-4718-81B5-C289B9722CC9}.RelWithDebInfo|ARM.ActiveCfg = Release|x64
		{0D3A3145-D436-4718-81B5-C289B9722CC9}.RelWithDebInfo|ARM.Build.0 = Release|x64
		{0D3A3145-D436-4718-81B5-C289B9722CC9}.RelWithDebInfo|x64.ActiveCfg = Release|x64
		{0D3A3145-D436-4718-81B5-C289B9722CC9}.RelWithDebInfo|x64.Build.0 = Release|x64
		{0D3A3145-D436-4718-81B5-C289B9722CC9}.RelWithDebInfo|x86.ActiveCfg = Release|Win32
		{0D3A3145-D436-4718-81B5-C289B9722CC9}.RelWithDebInfo|x86.Build.0 = Release|Win32
		{5BAF97C5-781B-41A3-87FB-8A9759FCABFC}.Debug|Any CPU.ActiveCfg = Debug|Any CPU
		{5BAF97C5-781B-41A3-87FB-8A9759FCABFC}.Debug|Any CPU.Build.0 = Debug|Any CPU
		{5BAF97C5-781B-41A3-87FB-8A9759FCABFC}.Debug|ARM.ActiveCfg = Debug|Any CPU
		{5BAF97C5-781B-41A3-87FB-8A9759FCABFC}.Debug|ARM.Build.0 = Debug|Any CPU
		{5BAF97C5-781B-41A3-87FB-8A9759FCABFC}.Debug|x64.ActiveCfg = Debug|Any CPU
		{5BAF97C5-781B-41A3-87FB-8A9759FCABFC}.Debug|x64.Build.0 = Debug|Any CPU
		{5BAF97C5-781B-41A3-87FB-8A9759FCABFC}.Debug|x86.ActiveCfg = Debug|Any CPU
		{5BAF97C5-781B-41A3-87FB-8A9759FCABFC}.Debug|x86.Build.0 = Debug|Any CPU
		{5BAF97C5-781B-41A3-87FB-8A9759FCABFC}.MinSizeRel|Any CPU.ActiveCfg = Release|Any CPU
		{5BAF97C5-781B-41A3-87FB-8A9759FCABFC}.MinSizeRel|Any CPU.Build.0 = Release|Any CPU
		{5BAF97C5-781B-41A3-87FB-8A9759FCABFC}.MinSizeRel|ARM.ActiveCfg = Release|Any CPU
		{5BAF97C5-781B-41A3-87FB-8A9759FCABFC}.MinSizeRel|ARM.Build.0 = Release|Any CPU
		{5BAF97C5-781B-41A3-87FB-8A9759FCABFC}.MinSizeRel|x64.ActiveCfg = Release|Any CPU
		{5BAF97C5-781B-41A3-87FB-8A9759FCABFC}.MinSizeRel|x64.Build.0 = Release|Any CPU
		{5BAF97C5-781B-41A3-87FB-8A9759FCABFC}.MinSizeRel|x86.ActiveCfg = Release|Any CPU
		{5BAF97C5-781B-41A3-87FB-8A9759FCABFC}.MinSizeRel|x86.Build.0 = Release|Any CPU
		{5BAF97C5-781B-41A3-87FB-8A9759FCABFC}.Release|Any CPU.ActiveCfg = Release|Any CPU
		{5BAF97C5-781B-41A3-87FB-8A9759FCABFC}.Release|Any CPU.Build.0 = Release|Any CPU
		{5BAF97C5-781B-41A3-87FB-8A9759FCABFC}.Release|ARM.ActiveCfg = Release|Any CPU
		{5BAF97C5-781B-41A3-87FB-8A9759FCABFC}.Release|ARM.Build.0 = Release|Any CPU
		{5BAF97C5-781B-41A3-87FB-8A9759FCABFC}.Release|x64.ActiveCfg = Release|Any CPU
		{5BAF97C5-781B-41A3-87FB-8A9759FCABFC}.Release|x64.Build.0 = Release|Any CPU
		{5BAF97C5-781B-41A3-87FB-8A9759FCABFC}.Release|x86.ActiveCfg = Release|Any CPU
		{5BAF97C5-781B-41A3-87FB-8A9759FCABFC}.Release|x86.Build.0 = Release|Any CPU
		{5BAF97C5-781B-41A3-87FB-8A9759FCABFC}.RelWithDebInfo|Any CPU.ActiveCfg = Release|Any CPU
		{5BAF97C5-781B-41A3-87FB-8A9759FCABFC}.RelWithDebInfo|Any CPU.Build.0 = Release|Any CPU
		{5BAF97C5-781B-41A3-87FB-8A9759FCABFC}.RelWithDebInfo|ARM.ActiveCfg = Release|Any CPU
		{5BAF97C5-781B-41A3-87FB-8A9759FCABFC}.RelWithDebInfo|ARM.Build.0 = Release|Any CPU
		{5BAF97C5-781B-41A3-87FB-8A9759FCABFC}.RelWithDebInfo|x64.ActiveCfg = Release|Any CPU
		{5BAF97C5-781B-41A3-87FB-8A9759FCABFC}.RelWithDebInfo|x64.Build.0 = Release|Any CPU
		{5BAF97C5-781B-41A3-87FB-8A9759FCABFC}.RelWithDebInfo|x86.ActiveCfg = Release|Any CPU
		{5BAF97C5-781B-41A3-87FB-8A9759FCABFC}.RelWithDebInfo|x86.Build.0 = Release|Any CPU
	EndGlobalSection
	GlobalSection(SolutionProperties) = preSolution
		HideSolutionNode = FALSE
	EndGlobalSection
	GlobalSection(ExtensibilityGlobals) = postSolution
		SolutionGuid = {55859900-E400-41F8-A79B-707C7A47976D}
	EndGlobalSection
EndGlobal
